
Microsoft Visual Studio Solution File, Format Version 12.00
# Visual Studio Version 16
VisualStudioVersion = 16.0.29201.188
MinimumVisualStudioVersion = 10.0.40219.1
Project("{FAE04EC0-301F-11D3-BF4B-00C04F79EFBC}") = "MSWebAPI", "MSWebAPI\MSWebAPI.csproj", "{B0349006-0480-481D-832A-053FBF264D48}"
EndProject
Global
	GlobalSection(SolutionConfigurationPlatforms) = preSolution
		Debug|Any CPU = Debug|Any CPU
		Release|Any CPU = Release|Any CPU
	EndGlobalSection
	GlobalSection(ProjectConfigurationPlatforms) = postSolution
		{B0349006-0480-481D-832A-053FBF264D48}.Debug|Any CPU.ActiveCfg = Debug|Any CPU
		{B0349006-0480-481D-832A-053FBF264D48}.Debug|Any CPU.Build.0 = Debug|Any CPU
		{B0349006-0480-481D-832A-053FBF264D48}.Release|Any CPU.ActiveCfg = Release|Any CPU
		{B0349006-0480-481D-832A-053FBF264D48}.Release|Any CPU.Build.0 = Release|Any CPU
	EndGlobalSection
	GlobalSection(SolutionProperties) = preSolution
		HideSolutionNode = FALSE
	EndGlobalSection
	GlobalSection(ExtensibilityGlobals) = postSolution
		SolutionGuid = {1E2D491B-0D08-4A8A-BE66-C41F10BF7F10}
	EndGlobalSection
EndGlobal
